[ "cowboy": {:git, "git://github.com/extend/cowboy.git", "903594bb8709db4fa98697ecf8adbdccabf64a83", []},
  "cowlib": {:git, "git://github.com/extend/cowlib.git", "2e0fc55f71bfeb543fd2218abed85890ff1e3e82", [ref: "0.5.0"]},
  "ex_doc": {:git, "git://github.com/elixir-lang/ex_doc.git", "dc0397d15686315dad653ed13c4836e4c6ef54e3", []},
  "inflex": {:git, "git://github.com/nurugger07/inflex.git", "b1c8b1d2647867b9171dbf3e6a3a4ab77ad0617e", []},
  "phoenix": {:git, "git://github.com/chrismccord/phoenix.git", "d73bc81bd33a2b81f0b71f461553a69d83af8ff1", []},
  "plug": {:git, "git://github.com/elixir-lang/plug.git", "9967d4de39c107237a3eb30c3939588766499637", [tag: "v0.3.0"]},
  "ranch": {:git, "git://github.com/extend/ranch.git", "5df1f222f94e08abdcab7084f5e13027143cc222", [ref: "0.9.0"]} ]
