[ "cowboy": {:git, "git://github.com/extend/cowboy.git", "e7afe1f381f93f0c4df3680ff55dae111e864c9f", []},
  "cowlib": {:git, "git://github.com/extend/cowlib.git", "0d4ece08a7cce90a07cf33d4edad29bc324c7d90", [ref: "0.5.1"]},
  "eml": {:git, "git://github.com/zambal/eml.git", "bccf027284a622359e252721abf6b44dfd24dddf", []},
  "erlfsmon": {:git, "git://github.com/cheeyeo/erlfsmon.git", "13a841142ed81b30d03958e469ef75bfb00f32ef", []},
  "erlsh": {:git, "https://github.com/proger/erlsh", "490aa8f2ce80810d7aa3c0125c9fb34706004d70", [ref: "HEAD"]},
  "ex_conf": {:git, "git://github.com/phoenixframework/ex_conf.git", "4ca0cbf65c70d1ce787834a0988338729dcf4098", []},
  "ex_doc": {:git, "git://github.com/elixir-lang/ex_doc.git", "c14203bfca186f68ff178e5ada9af4f5fb37e205", []},
  "hackney": {:git, "git://github.com/benoitc/hackney.git", "fbc4a440052b7472bf201379876fc2c6878e21c2", []},
  "hackney_lib": {:git, "https://github.com/benoitc/hackney_lib.git", "eecdb481f1d38bfb194896bffdf9bdcdd967ae96", [tag: "0.2.2"]},
  "inflex": {:git, "git://github.com/nurugger07/inflex.git", "422aa637e809ccd7206b19d018edd52a52af17f3", []},
  "mime": {:git, "git://github.com/dynamo/mime.git", "db84370c53a67a7e58a4d0cfb026f4edc64a9367", []},
  "mimetypes": {:git, "git://github.com/spawngrid/mimetypes.git", "47d37a977a7d633199822bf6b08353007483d00f", [ref: "master"]},
  "phoenix": {:git, "git://github.com/chrismccord/phoenix.git", "a2f6473d2cf4fde2860bbef459b9f91aefada2d4", []},
  "plug": {:git, "git://github.com/elixir-lang/plug.git", "c735ee21ab8384ab47ac27feb56cc509641fdc6d", []},
  "ranch": {:git, "git://github.com/extend/ranch.git", "5df1f222f94e08abdcab7084f5e13027143cc222", [ref: "0.9.0"]} ]
